# This file is automatically @generated by Cargo.
# It is not intended for manual editing.
version = 3

[[package]]
name = "autocfg"
version = "1.2.0"
source = "registry+https://github.com/rust-lang/crates.io-index"
checksum = "f1fdabc7756949593fe60f30ec81974b613357de856987752631dea1e3394c80"

[[package]]
name = "bstr"
version = "1.9.1"
source = "registry+https://github.com/rust-lang/crates.io-index"
checksum = "05efc5cfd9110c8416e471df0e96702d58690178e206e61b7173706673c93706"
dependencies = [
 "memchr",
 "serde",
]

[[package]]
name = "cc"
version = "1.0.94"
source = "registry+https://github.com/rust-lang/crates.io-index"
checksum = "17f6e324229dc011159fcc089755d1e2e216a90d43a7dea6853ca740b84f35e7"

[[package]]
name = "cfg-if"
version = "1.0.0"
source = "registry+https://github.com/rust-lang/crates.io-index"
checksum = "baf1de4339761588bc0619e3cbc0120ee582ebb74b53b4efbf79117bd2da40fd"

[[package]]
name = "erased-serde"
version = "0.4.4"
source = "registry+https://github.com/rust-lang/crates.io-index"
checksum = "2b73807008a3c7f171cc40312f37d95ef0396e048b5848d775f54b1a4dd4a0d3"
dependencies = [
 "serde",
]

[[package]]
name = "memchr"
version = "2.7.2"
source = "registry+https://github.com/rust-lang/crates.io-index"
checksum = "6c8640c5d730cb13ebd907d8d04b52f55ac9a2eec55b440c8892f40d56c76c1d"

[[package]]
name = "mlua"
version = "0.9.7"
source = "registry+https://github.com/rust-lang/crates.io-index"
checksum = "6d9bed6bce296397a9d6a86f995dd10a547a4e6949825d45225906bdcbfe7367"
dependencies = [
 "bstr",
 "erased-serde",
 "mlua-sys",
 "mlua_derive",
 "num-traits",
 "once_cell",
 "rustc-hash",
 "serde",
 "serde-value",
]

[[package]]
name = "mlua-sys"
version = "0.5.2"
source = "registry+https://github.com/rust-lang/crates.io-index"
checksum = "d16a9ba1dd2c6ac971b204262d434c24d65067038598f0638b64e5dca28d52b8"
dependencies = [
 "cc",
 "cfg-if",
 "pkg-config",
]

[[package]]
name = "mlua_derive"
version = "0.9.2"
source = "registry+https://github.com/rust-lang/crates.io-index"
checksum = "aaade5f94e5829db58791664ba98f35fea6a3ffebc783becb51dc97c7a21abee"
dependencies = [
 "proc-macro2",
 "quote",
 "syn",
]

[[package]]
name = "num-traits"
version = "0.2.18"
source = "registry+https://github.com/rust-lang/crates.io-index"
checksum = "da0df0e5185db44f69b44f26786fe401b6c293d1907744beaa7fa62b2e5a517a"
dependencies = [
 "autocfg",
]

[[package]]
name = "once_cell"
version = "1.19.0"
source = "registry+https://github.com/rust-lang/crates.io-index"
checksum = "3fdb12b2476b595f9358c5161aa467c2438859caa136dec86c26fdd2efe17b92"

[[package]]
name = "ordered-float"
version = "2.10.1"
source = "registry+https://github.com/rust-lang/crates.io-index"
checksum = "68f19d67e5a2795c94e73e0bb1cc1a7edeb2e28efd39e2e1c9b7a40c1108b11c"
dependencies = [
 "num-traits",
]

[[package]]
name = "peek"
version = "0.1.0"
dependencies = [
 "mlua",
]

[[package]]
name = "pkg-config"
version = "0.3.30"
source = "registry+https://github.com/rust-lang/crates.io-index"
checksum = "d231b230927b5e4ad203db57bbcbee2802f6bce620b1e4a9024a07d94e2907ec"

[[package]]
name = "proc-macro2"
version = "1.0.81"
source = "registry+https://github.com/rust-lang/crates.io-index"
checksum = "3d1597b0c024618f09a9c3b8655b7e430397a36d23fdafec26d6965e9eec3eba"
dependencies = [
 "unicode-ident",
]

[[package]]
name = "quote"
version = "1.0.36"
source = "registry+https://github.com/rust-lang/crates.io-index"
checksum = "0fa76aaf39101c457836aec0ce2316dbdc3ab723cdda1c6bd4e6ad4208acaca7"
dependencies = [
 "proc-macro2",
]

[[package]]
name = "rustc-hash"
version = "1.1.0"
source = "registry+https://github.com/rust-lang/crates.io-index"
checksum = "08d43f7aa6b08d49f382cde6a7982047c3426db949b1424bc4b7ec9ae12c6ce2"

[[package]]
name = "serde"
version = "1.0.198"
source = "registry+https://github.com/rust-lang/crates.io-index"
checksum = "9846a40c979031340571da2545a4e5b7c4163bdae79b301d5f86d03979451fcc"
dependencies = [
 "serde_derive",
]

[[package]]
name = "serde-value"
version = "0.7.0"
source = "registry+https://github.com/rust-lang/crates.io-index"
checksum = "f3a1a3341211875ef120e117ea7fd5228530ae7e7036a779fdc9117be6b3282c"
dependencies = [
 "ordered-float",
 "serde",
]

[[package]]
name = "serde_derive"
version = "1.0.198"
source = "registry+https://github.com/rust-lang/crates.io-index"
checksum = "e88edab869b01783ba905e7d0153f9fc1a6505a96e4ad3018011eedb838566d9"
dependencies = [
 "proc-macro2",
 "quote",
 "syn",
]

[[package]]
name = "syn"
version = "2.0.60"
source = "registry+https://github.com/rust-lang/crates.io-index"
checksum = "909518bc7b1c9b779f1bbf07f2929d35af9f0f37e47c6e9ef7f9dddc1e1821f3"
dependencies = [
 "proc-macro2",
 "quote",
 "unicode-ident",
]

[[package]]
name = "unicode-ident"
version = "1.0.12"
source = "registry+https://github.com/rust-lang/crates.io-index"
checksum = "3354b9ac3fae1ff6755cb6db53683adb661634f67557942dea4facebec0fee4b"
